// !$*UTF8*$!
{
	archiveVersion = 1;
	classes = {
	};
	objectVersion = 51;
	objects = {

/* Begin PBXAggregateTarget section */
		68992288237C28E100F3AA98 /* Rtc555SdkUniversal */ = {
			isa = PBXAggregateTarget;
			buildConfigurationList = 68992289237C28E100F3AA98 /* Build configuration list for PBXAggregateTarget "Rtc555SdkUniversal" */;
			buildPhases = (
				6899228C237C28E600F3AA98 /* ShellScript */,
			);
			dependencies = (
			);
			name = Rtc555SdkUniversal;
			productName = RtcReactSdkUniversal;
		};
/* End PBXAggregateTarget section */

/* Begin PBXBuildFile section */
		685FDE572386BB5D004E357E /* Rtc555Sdk.swift in Headers */ = {isa = PBXBuildFile; fileRef = 68E80C36237C1F50000BE9BA /* Rtc555Sdk.swift */; settings = {ATTRIBUTES = (Public, ); }; };
		68655F7023E996A30075E1C5 /* react_native_webrtc.framework in Frameworks */ = {isa = PBXBuildFile; fileRef = 68655F6F23E996A20075E1C5 /* react_native_webrtc.framework */; };
		6879B46D24093D1800534D5A /* react_native_background_timer.framework in Frameworks */ = {isa = PBXBuildFile; fileRef = 6879B46C24093D1800534D5A /* react_native_background_timer.framework */; };
		68B21A702397E70100226364 /* RtcNativeModule.h in Headers */ = {isa = PBXBuildFile; fileRef = 68B21A6D2397E6F900226364 /* RtcNativeModule.h */; };
		68B21A712397E70100226364 /* RtcNativeBridge.swift in Sources */ = {isa = PBXBuildFile; fileRef = 68B21A6E2397E6FE00226364 /* RtcNativeBridge.swift */; };
		68B21A722397E70100226364 /* RtcNativeModule.m in Sources */ = {isa = PBXBuildFile; fileRef = 68B21A6F2397E70100226364 /* RtcNativeModule.m */; };
		68C1EB7023D1A974009F2EC9 /* main.jsbundle in Resources */ = {isa = PBXBuildFile; fileRef = 68C1EB6F23D1A974009F2EC9 /* main.jsbundle */; };
		68C1ED7B23DAE216009F2EC9 /* RCTTypeSafety.framework in Frameworks */ = {isa = PBXBuildFile; fileRef = 68C1ED5F23DAE215009F2EC9 /* RCTTypeSafety.framework */; };
		68C1ED7C23DAE216009F2EC9 /* RCTSettings.framework in Frameworks */ = {isa = PBXBuildFile; fileRef = 68C1ED6023DAE215009F2EC9 /* RCTSettings.framework */; };
		68C1ED7D23DAE216009F2EC9 /* RNCAsyncStorage.framework in Frameworks */ = {isa = PBXBuildFile; fileRef = 68C1ED6123DAE215009F2EC9 /* RNCAsyncStorage.framework */; };
		68C1ED7E23DAE216009F2EC9 /* RCTVibration.framework in Frameworks */ = {isa = PBXBuildFile; fileRef = 68C1ED6223DAE215009F2EC9 /* RCTVibration.framework */; };
		68C1ED7F23DAE216009F2EC9 /* FBReactNativeSpec.framework in Frameworks */ = {isa = PBXBuildFile; fileRef = 68C1ED6323DAE215009F2EC9 /* FBReactNativeSpec.framework */; };
		68C1ED8023DAE216009F2EC9 /* React.framework in Frameworks */ = {isa = PBXBuildFile; fileRef = 68C1ED6423DAE215009F2EC9 /* React.framework */; };
		68C1ED8123DAE216009F2EC9 /* RCTActionSheet.framework in Frameworks */ = {isa = PBXBuildFile; fileRef = 68C1ED6523DAE215009F2EC9 /* RCTActionSheet.framework */; };
		68C1ED8223DAE216009F2EC9 /* CoreModules.framework in Frameworks */ = {isa = PBXBuildFile; fileRef = 68C1ED6623DAE215009F2EC9 /* CoreModules.framework */; };
		68C1ED8323DAE216009F2EC9 /* RCTImage.framework in Frameworks */ = {isa = PBXBuildFile; fileRef = 68C1ED6723DAE216009F2EC9 /* RCTImage.framework */; };
		68C1ED8423DAE216009F2EC9 /* ReactNativeIncallManager.framework in Frameworks */ = {isa = PBXBuildFile; fileRef = 68C1ED6823DAE216009F2EC9 /* ReactNativeIncallManager.framework */; };
		68C1ED8523DAE216009F2EC9 /* RNDeviceInfo.framework in Frameworks */ = {isa = PBXBuildFile; fileRef = 68C1ED6923DAE216009F2EC9 /* RNDeviceInfo.framework */; };
		68C1ED8623DAE216009F2EC9 /* glog.framework in Frameworks */ = {isa = PBXBuildFile; fileRef = 68C1ED6A23DAE216009F2EC9 /* glog.framework */; };
		68C1ED8723DAE216009F2EC9 /* ReactCommon.framework in Frameworks */ = {isa = PBXBuildFile; fileRef = 68C1ED6B23DAE216009F2EC9 /* ReactCommon.framework */; };
		68C1ED8823DAE216009F2EC9 /* react_native_netinfo.framework in Frameworks */ = {isa = PBXBuildFile; fileRef = 68C1ED6C23DAE216009F2EC9 /* react_native_netinfo.framework */; };
		68C1ED8923DAE216009F2EC9 /* yoga.framework in Frameworks */ = {isa = PBXBuildFile; fileRef = 68C1ED6D23DAE216009F2EC9 /* yoga.framework */; };
		68C1ED8A23DAE216009F2EC9 /* RCTBlob.framework in Frameworks */ = {isa = PBXBuildFile; fileRef = 68C1ED6E23DAE216009F2EC9 /* RCTBlob.framework */; };
		68C1ED8B23DAE216009F2EC9 /* folly.framework in Frameworks */ = {isa = PBXBuildFile; fileRef = 68C1ED6F23DAE216009F2EC9 /* folly.framework */; };
		68C1ED8C23DAE216009F2EC9 /* RCTAnimation.framework in Frameworks */ = {isa = PBXBuildFile; fileRef = 68C1ED7023DAE216009F2EC9 /* RCTAnimation.framework */; };
		68C1ED8E23DAE216009F2EC9 /* jsinspector.framework in Frameworks */ = {isa = PBXBuildFile; fileRef = 68C1ED7223DAE216009F2EC9 /* jsinspector.framework */; };
		68C1ED8F23DAE216009F2EC9 /* jsi.framework in Frameworks */ = {isa = PBXBuildFile; fileRef = 68C1ED7323DAE216009F2EC9 /* jsi.framework */; };
		68C1ED9023DAE216009F2EC9 /* WebRTC.framework in Frameworks */ = {isa = PBXBuildFile; fileRef = 68C1ED7423DAE216009F2EC9 /* WebRTC.framework */; };
		68C1ED9123DAE216009F2EC9 /* cxxreact.framework in Frameworks */ = {isa = PBXBuildFile; fileRef = 68C1ED7523DAE216009F2EC9 /* cxxreact.framework */; };
		68C1ED9223DAE216009F2EC9 /* DoubleConversion.framework in Frameworks */ = {isa = PBXBuildFile; fileRef = 68C1ED7623DAE216009F2EC9 /* DoubleConversion.framework */; };
		68C1ED9323DAE216009F2EC9 /* RCTLinking.framework in Frameworks */ = {isa = PBXBuildFile; fileRef = 68C1ED7723DAE216009F2EC9 /* RCTLinking.framework */; };
		68C1ED9423DAE216009F2EC9 /* jsireact.framework in Frameworks */ = {isa = PBXBuildFile; fileRef = 68C1ED7823DAE216009F2EC9 /* jsireact.framework */; };
		68C1ED9523DAE216009F2EC9 /* RCTText.framework in Frameworks */ = {isa = PBXBuildFile; fileRef = 68C1ED7923DAE216009F2EC9 /* RCTText.framework */; };
		68C1ED9623DAE216009F2EC9 /* RCTNetwork.framework in Frameworks */ = {isa = PBXBuildFile; fileRef = 68C1ED7A23DAE216009F2EC9 /* RCTNetwork.framework */; };
		68E74E0A239546F700FD54CF /* RtcReactBridge.swift in Sources */ = {isa = PBXBuildFile; fileRef = 685FDE512386B585004E357E /* RtcReactBridge.swift */; };
		68E80C26237C1F29000BE9BA /* Rtc555Sdk.framework in Frameworks */ = {isa = PBXBuildFile; fileRef = 68E80C1C237C1F29000BE9BA /* Rtc555Sdk.framework */; };
		68E80C2B237C1F29000BE9BA /* RtcReactSdkTests.swift in Sources */ = {isa = PBXBuildFile; fileRef = 68E80C2A237C1F29000BE9BA /* RtcReactSdkTests.swift */; };
		68E80C37237C1F50000BE9BA /* Rtc555Sdk.swift in Sources */ = {isa = PBXBuildFile; fileRef = 68E80C36237C1F50000BE9BA /* Rtc555Sdk.swift */; };
		68FD3B792410B73800EBF598 /* Rtc555Config.swift in Sources */ = {isa = PBXBuildFile; fileRef = 68FD3B782410B73800EBF598 /* Rtc555Config.swift */; };
		68FD3B7B2410B7B300EBF598 /* Rtc555Voice.swift in Sources */ = {isa = PBXBuildFile; fileRef = 68FD3B7A2410B7B300EBF598 /* Rtc555Voice.swift */; };
		68FD3B802410CAC800EBF598 /* Rtc555Config.swift in Headers */ = {isa = PBXBuildFile; fileRef = 68FD3B782410B73800EBF598 /* Rtc555Config.swift */; settings = {ATTRIBUTES = (Public, ); }; };
		68FD3B812410CACA00EBF598 /* Rtc555Voice.swift in Headers */ = {isa = PBXBuildFile; fileRef = 68FD3B7A2410B7B300EBF598 /* Rtc555Voice.swift */; settings = {ATTRIBUTES = (Public, ); }; };
/* End PBXBuildFile section */

/* Begin PBXContainerItemProxy section */
		68E80C27237C1F29000BE9BA /* PBXContainerItemProxy */ = {
			isa = PBXContainerItemProxy;
			containerPortal = 68E80C13237C1F29000BE9BA /* Project object */;
			proxyType = 1;
			remoteGlobalIDString = 68E80C1B237C1F29000BE9BA;
			remoteInfo = RtcReactSdk;
		};
/* End PBXContainerItemProxy section */

/* Begin PBXCopyFilesBuildPhase section */
		68992326237C305600F3AA98 /* Embed Frameworks */ = {
			isa = PBXCopyFilesBuildPhase;
			buildActionMask = 2147483647;
			dstPath = "";
			dstSubfolderSpec = 10;
			files = (
			);
			name = "Embed Frameworks";
			runOnlyForDeploymentPostprocessing = 0;
		};
/* End PBXCopyFilesBuildPhase section */

/* Begin PBXFileReference section */
		685FDE512386B585004E357E /* RtcReactBridge.swift */ = {isa = PBXFileReference; lastKnownFileType = sourcecode.swift; path = RtcReactBridge.swift; sourceTree = "<group>"; };
		68655F6F23E996A20075E1C5 /* react_native_webrtc.framework */ = {isa = PBXFileReference; lastKnownFileType = wrapper.framework; name = react_native_webrtc.framework; path = Dependencies/react_native_webrtc.framework; sourceTree = "<group>"; };
		6879B46C24093D1800534D5A /* react_native_background_timer.framework */ = {isa = PBXFileReference; lastKnownFileType = wrapper.framework; name = react_native_background_timer.framework; path = Dependencies/react_native_background_timer.framework; sourceTree = "<group>"; };
		68B21A6D2397E6F900226364 /* RtcNativeModule.h */ = {isa = PBXFileReference; fileEncoding = 4; lastKnownFileType = sourcecode.c.h; path = RtcNativeModule.h; sourceTree = "<group>"; };
		68B21A6E2397E6FE00226364 /* RtcNativeBridge.swift */ = {isa = PBXFileReference; fileEncoding = 4; lastKnownFileType = sourcecode.swift; path = RtcNativeBridge.swift; sourceTree = "<group>"; };
		68B21A6F2397E70100226364 /* RtcNativeModule.m */ = {isa = PBXFileReference; fileEncoding = 4; lastKnownFileType = sourcecode.c.objc; path = RtcNativeModule.m; sourceTree = "<group>"; };
		68C1EB6F23D1A974009F2EC9 /* main.jsbundle */ = {isa = PBXFileReference; lastKnownFileType = text; path = main.jsbundle; sourceTree = SOURCE_ROOT; };
		68C1ED5F23DAE215009F2EC9 /* RCTTypeSafety.framework */ = {isa = PBXFileReference; lastKnownFileType = wrapper.framework; name = RCTTypeSafety.framework; path = Dependencies/RCTTypeSafety.framework; sourceTree = "<group>"; };
		68C1ED6023DAE215009F2EC9 /* RCTSettings.framework */ = {isa = PBXFileReference; lastKnownFileType = wrapper.framework; name = RCTSettings.framework; path = Dependencies/RCTSettings.framework; sourceTree = "<group>"; };
		68C1ED6123DAE215009F2EC9 /* RNCAsyncStorage.framework */ = {isa = PBXFileReference; lastKnownFileType = wrapper.framework; name = RNCAsyncStorage.framework; path = Dependencies/RNCAsyncStorage.framework; sourceTree = "<group>"; };
		68C1ED6223DAE215009F2EC9 /* RCTVibration.framework */ = {isa = PBXFileReference; lastKnownFileType = wrapper.framework; name = RCTVibration.framework; path = Dependencies/RCTVibration.framework; sourceTree = "<group>"; };
		68C1ED6323DAE215009F2EC9 /* FBReactNativeSpec.framework */ = {isa = PBXFileReference; lastKnownFileType = wrapper.framework; name = FBReactNativeSpec.framework; path = Dependencies/FBReactNativeSpec.framework; sourceTree = "<group>"; };
		68C1ED6423DAE215009F2EC9 /* React.framework */ = {isa = PBXFileReference; lastKnownFileType = wrapper.framework; name = React.framework; path = Dependencies/React.framework; sourceTree = "<group>"; };
		68C1ED6523DAE215009F2EC9 /* RCTActionSheet.framework */ = {isa = PBXFileReference; lastKnownFileType = wrapper.framework; name = RCTActionSheet.framework; path = Dependencies/RCTActionSheet.framework; sourceTree = "<group>"; };
		68C1ED6623DAE215009F2EC9 /* CoreModules.framework */ = {isa = PBXFileReference; lastKnownFileType = wrapper.framework; name = CoreModules.framework; path = Dependencies/CoreModules.framework; sourceTree = "<group>"; };
		68C1ED6723DAE216009F2EC9 /* RCTImage.framework */ = {isa = PBXFileReference; lastKnownFileType = wrapper.framework; name = RCTImage.framework; path = Dependencies/RCTImage.framework; sourceTree = "<group>"; };
		68C1ED6823DAE216009F2EC9 /* ReactNativeIncallManager.framework */ = {isa = PBXFileReference; lastKnownFileType = wrapper.framework; name = ReactNativeIncallManager.framework; path = Dependencies/ReactNativeIncallManager.framework; sourceTree = "<group>"; };
		68C1ED6923DAE216009F2EC9 /* RNDeviceInfo.framework */ = {isa = PBXFileReference; lastKnownFileType = wrapper.framework; name = RNDeviceInfo.framework; path = Dependencies/RNDeviceInfo.framework; sourceTree = "<group>"; };
		68C1ED6A23DAE216009F2EC9 /* glog.framework */ = {isa = PBXFileReference; lastKnownFileType = wrapper.framework; name = glog.framework; path = Dependencies/glog.framework; sourceTree = "<group>"; };
		68C1ED6B23DAE216009F2EC9 /* ReactCommon.framework */ = {isa = PBXFileReference; lastKnownFileType = wrapper.framework; name = ReactCommon.framework; path = Dependencies/ReactCommon.framework; sourceTree = "<group>"; };
		68C1ED6C23DAE216009F2EC9 /* react_native_netinfo.framework */ = {isa = PBXFileReference; lastKnownFileType = wrapper.framework; name = react_native_netinfo.framework; path = Dependencies/react_native_netinfo.framework; sourceTree = "<group>"; };
		68C1ED6D23DAE216009F2EC9 /* yoga.framework */ = {isa = PBXFileReference; lastKnownFileType = wrapper.framework; name = yoga.framework; path = Dependencies/yoga.framework; sourceTree = "<group>"; };
		68C1ED6E23DAE216009F2EC9 /* RCTBlob.framework */ = {isa = PBXFileReference; lastKnownFileType = wrapper.framework; name = RCTBlob.framework; path = Dependencies/RCTBlob.framework; sourceTree = "<group>"; };
		68C1ED6F23DAE216009F2EC9 /* folly.framework */ = {isa = PBXFileReference; lastKnownFileType = wrapper.framework; name = folly.framework; path = Dependencies/folly.framework; sourceTree = "<group>"; };
		68C1ED7023DAE216009F2EC9 /* RCTAnimation.framework */ = {isa = PBXFileReference; lastKnownFileType = wrapper.framework; name = RCTAnimation.framework; path = Dependencies/RCTAnimation.framework; sourceTree = "<group>"; };
		68C1ED7223DAE216009F2EC9 /* jsinspector.framework */ = {isa = PBXFileReference; lastKnownFileType = wrapper.framework; name = jsinspector.framework; path = Dependencies/jsinspector.framework; sourceTree = "<group>"; };
		68C1ED7323DAE216009F2EC9 /* jsi.framework */ = {isa = PBXFileReference; lastKnownFileType = wrapper.framework; name = jsi.framework; path = Dependencies/jsi.framework; sourceTree = "<group>"; };
		68C1ED7423DAE216009F2EC9 /* WebRTC.framework */ = {isa = PBXFileReference; lastKnownFileType = wrapper.framework; name = WebRTC.framework; path = Dependencies/WebRTC.framework; sourceTree = "<group>"; };
		68C1ED7523DAE216009F2EC9 /* cxxreact.framework */ = {isa = PBXFileReference; lastKnownFileType = wrapper.framework; name = cxxreact.framework; path = Dependencies/cxxreact.framework; sourceTree = "<group>"; };
		68C1ED7623DAE216009F2EC9 /* DoubleConversion.framework */ = {isa = PBXFileReference; lastKnownFileType = wrapper.framework; name = DoubleConversion.framework; path = Dependencies/DoubleConversion.framework; sourceTree = "<group>"; };
		68C1ED7723DAE216009F2EC9 /* RCTLinking.framework */ = {isa = PBXFileReference; lastKnownFileType = wrapper.framework; name = RCTLinking.framework; path = Dependencies/RCTLinking.framework; sourceTree = "<group>"; };
		68C1ED7823DAE216009F2EC9 /* jsireact.framework */ = {isa = PBXFileReference; lastKnownFileType = wrapper.framework; name = jsireact.framework; path = Dependencies/jsireact.framework; sourceTree = "<group>"; };
		68C1ED7923DAE216009F2EC9 /* RCTText.framework */ = {isa = PBXFileReference; lastKnownFileType = wrapper.framework; name = RCTText.framework; path = Dependencies/RCTText.framework; sourceTree = "<group>"; };
		68C1ED7A23DAE216009F2EC9 /* RCTNetwork.framework */ = {isa = PBXFileReference; lastKnownFileType = wrapper.framework; name = RCTNetwork.framework; path = Dependencies/RCTNetwork.framework; sourceTree = "<group>"; };
		68E80C1C237C1F29000BE9BA /* Rtc555Sdk.framework */ = {isa = PBXFileReference; explicitFileType = wrapper.framework; includeInIndex = 0; path = Rtc555Sdk.framework; sourceTree = BUILT_PRODUCTS_DIR; };
		68E80C1F237C1F29000BE9BA /* RtcReactSdk.h */ = {isa = PBXFileReference; lastKnownFileType = sourcecode.c.h; path = RtcReactSdk.h; sourceTree = "<group>"; };
		68E80C20237C1F29000BE9BA /* Info.plist */ = {isa = PBXFileReference; lastKnownFileType = text.plist.xml; path = Info.plist; sourceTree = "<group>"; };
		68E80C25237C1F29000BE9BA /* Rtc555SdkTests.xctest */ = {isa = PBXFileReference; explicitFileType = wrapper.cfbundle; includeInIndex = 0; path = Rtc555SdkTests.xctest; sourceTree = BUILT_PRODUCTS_DIR; };
		68E80C2A237C1F29000BE9BA /* RtcReactSdkTests.swift */ = {isa = PBXFileReference; lastKnownFileType = sourcecode.swift; path = RtcReactSdkTests.swift; sourceTree = "<group>"; };
		68E80C2C237C1F29000BE9BA /* Info.plist */ = {isa = PBXFileReference; lastKnownFileType = text.plist.xml; path = Info.plist; sourceTree = "<group>"; };
		68E80C36237C1F50000BE9BA /* Rtc555Sdk.swift */ = {isa = PBXFileReference; lastKnownFileType = sourcecode.swift; path = Rtc555Sdk.swift; sourceTree = "<group>"; };
		68FD3B782410B73800EBF598 /* Rtc555Config.swift */ = {isa = PBXFileReference; lastKnownFileType = sourcecode.swift; path = Rtc555Config.swift; sourceTree = "<group>"; };
		68FD3B7A2410B7B300EBF598 /* Rtc555Voice.swift */ = {isa = PBXFileReference; lastKnownFileType = sourcecode.swift; path = Rtc555Voice.swift; sourceTree = "<group>"; };
/* End PBXFileReference section */

/* Begin PBXFrameworksBuildPhase section */
		68E80C19237C1F29000BE9BA /* Frameworks */ = {
			isa = PBXFrameworksBuildPhase;
			buildActionMask = 2147483647;
			files = (
				68C1ED8723DAE216009F2EC9 /* ReactCommon.framework in Frameworks */,
				68C1ED8123DAE216009F2EC9 /* RCTActionSheet.framework in Frameworks */,
				68C1ED7B23DAE216009F2EC9 /* RCTTypeSafety.framework in Frameworks */,
				68C1ED8C23DAE216009F2EC9 /* RCTAnimation.framework in Frameworks */,
				68C1ED8823DAE216009F2EC9 /* react_native_netinfo.framework in Frameworks */,
				68C1ED7E23DAE216009F2EC9 /* RCTVibration.framework in Frameworks */,
				68C1ED9323DAE216009F2EC9 /* RCTLinking.framework in Frameworks */,
				68C1ED9023DAE216009F2EC9 /* WebRTC.framework in Frameworks */,
				68C1ED8A23DAE216009F2EC9 /* RCTBlob.framework in Frameworks */,
				68C1ED8223DAE216009F2EC9 /* CoreModules.framework in Frameworks */,
				6879B46D24093D1800534D5A /* react_native_background_timer.framework in Frameworks */,
				68C1ED9623DAE216009F2EC9 /* RCTNetwork.framework in Frameworks */,
				68C1ED7C23DAE216009F2EC9 /* RCTSettings.framework in Frameworks */,
				68C1ED8F23DAE216009F2EC9 /* jsi.framework in Frameworks */,
				68C1ED9523DAE216009F2EC9 /* RCTText.framework in Frameworks */,
				68C1ED9423DAE216009F2EC9 /* jsireact.framework in Frameworks */,
				68C1ED8B23DAE216009F2EC9 /* folly.framework in Frameworks */,
				68C1ED7F23DAE216009F2EC9 /* FBReactNativeSpec.framework in Frameworks */,
				68C1ED8423DAE216009F2EC9 /* ReactNativeIncallManager.framework in Frameworks */,
				68C1ED9123DAE216009F2EC9 /* cxxreact.framework in Frameworks */,
				68C1ED8E23DAE216009F2EC9 /* jsinspector.framework in Frameworks */,
				68C1ED8623DAE216009F2EC9 /* glog.framework in Frameworks */,
				68C1ED8323DAE216009F2EC9 /* RCTImage.framework in Frameworks */,
				68C1ED8523DAE216009F2EC9 /* RNDeviceInfo.framework in Frameworks */,
				68C1ED8023DAE216009F2EC9 /* React.framework in Frameworks */,
				68655F7023E996A30075E1C5 /* react_native_webrtc.framework in Frameworks */,
				68C1ED7D23DAE216009F2EC9 /* RNCAsyncStorage.framework in Frameworks */,
				68C1ED8923DAE216009F2EC9 /* yoga.framework in Frameworks */,
				68C1ED9223DAE216009F2EC9 /* DoubleConversion.framework in Frameworks */,
			);
			runOnlyForDeploymentPostprocessing = 0;
		};
		68E80C22237C1F29000BE9BA /* Frameworks */ = {
			isa = PBXFrameworksBuildPhase;
			buildActionMask = 2147483647;
			files = (
				68E80C26237C1F29000BE9BA /* Rtc555Sdk.framework in Frameworks */,
			);
			runOnlyForDeploymentPostprocessing = 0;
		};
/* End PBXFrameworksBuildPhase section */

/* Begin PBXGroup section */
		68E80C12237C1F29000BE9BA = {
			isa = PBXGroup;
			children = (
				68E80C1E237C1F29000BE9BA /* Rtc555Sdk */,
				68E80C29237C1F29000BE9BA /* RtcReactSdkTests */,
				68E80C1D237C1F29000BE9BA /* Products */,
				E65B95A0876FD24199681B66 /* Frameworks */,
			);
			sourceTree = "<group>";
		};
		68E80C1D237C1F29000BE9BA /* Products */ = {
			isa = PBXGroup;
			children = (
				68E80C1C237C1F29000BE9BA /* Rtc555Sdk.framework */,
				68E80C25237C1F29000BE9BA /* Rtc555SdkTests.xctest */,
			);
			name = Products;
			sourceTree = "<group>";
		};
		68E80C1E237C1F29000BE9BA /* Rtc555Sdk */ = {
			isa = PBXGroup;
			children = (
				68C1EB6F23D1A974009F2EC9 /* main.jsbundle */,
				68B21A6D2397E6F900226364 /* RtcNativeModule.h */,
				68B21A6F2397E70100226364 /* RtcNativeModule.m */,
				68E80C1F237C1F29000BE9BA /* RtcReactSdk.h */,
				68E80C20237C1F29000BE9BA /* Info.plist */,
				68E80C36237C1F50000BE9BA /* Rtc555Sdk.swift */,
				685FDE512386B585004E357E /* RtcReactBridge.swift */,
				68B21A6E2397E6FE00226364 /* RtcNativeBridge.swift */,
				68FD3B782410B73800EBF598 /* Rtc555Config.swift */,
				68FD3B7A2410B7B300EBF598 /* Rtc555Voice.swift */,
			);
			path = Rtc555Sdk;
			sourceTree = "<group>";
		};
		68E80C29237C1F29000BE9BA /* RtcReactSdkTests */ = {
			isa = PBXGroup;
			children = (
				68E80C2A237C1F29000BE9BA /* RtcReactSdkTests.swift */,
				68E80C2C237C1F29000BE9BA /* Info.plist */,
			);
			path = RtcReactSdkTests;
			sourceTree = "<group>";
		};
		E65B95A0876FD24199681B66 /* Frameworks */ = {
			isa = PBXGroup;
			children = (
				6879B46C24093D1800534D5A /* react_native_background_timer.framework */,
				68655F6F23E996A20075E1C5 /* react_native_webrtc.framework */,
				68C1ED6623DAE215009F2EC9 /* CoreModules.framework */,
				68C1ED7523DAE216009F2EC9 /* cxxreact.framework */,
				68C1ED7623DAE216009F2EC9 /* DoubleConversion.framework */,
				68C1ED6323DAE215009F2EC9 /* FBReactNativeSpec.framework */,
				68C1ED6F23DAE216009F2EC9 /* folly.framework */,
				68C1ED6A23DAE216009F2EC9 /* glog.framework */,
				68C1ED7323DAE216009F2EC9 /* jsi.framework */,
				68C1ED7223DAE216009F2EC9 /* jsinspector.framework */,
				68C1ED7823DAE216009F2EC9 /* jsireact.framework */,
				68C1ED6523DAE215009F2EC9 /* RCTActionSheet.framework */,
				68C1ED7023DAE216009F2EC9 /* RCTAnimation.framework */,
				68C1ED6E23DAE216009F2EC9 /* RCTBlob.framework */,
				68C1ED6723DAE216009F2EC9 /* RCTImage.framework */,
				68C1ED7723DAE216009F2EC9 /* RCTLinking.framework */,
				68C1ED7A23DAE216009F2EC9 /* RCTNetwork.framework */,
				68C1ED6023DAE215009F2EC9 /* RCTSettings.framework */,
				68C1ED7923DAE216009F2EC9 /* RCTText.framework */,
				68C1ED5F23DAE215009F2EC9 /* RCTTypeSafety.framework */,
				68C1ED6223DAE215009F2EC9 /* RCTVibration.framework */,
				68C1ED6C23DAE216009F2EC9 /* react_native_netinfo.framework */,
				68C1ED6423DAE215009F2EC9 /* React.framework */,
				68C1ED6B23DAE216009F2EC9 /* ReactCommon.framework */,
				68C1ED6823DAE216009F2EC9 /* ReactNativeIncallManager.framework */,
				68C1ED6123DAE215009F2EC9 /* RNCAsyncStorage.framework */,
				68C1ED6923DAE216009F2EC9 /* RNDeviceInfo.framework */,
				68C1ED7423DAE216009F2EC9 /* WebRTC.framework */,
				68C1ED6D23DAE216009F2EC9 /* yoga.framework */,
			);
			name = Frameworks;
			sourceTree = "<group>";
		};
/* End PBXGroup section */

/* Begin PBXHeadersBuildPhase section */
		68E80C17237C1F29000BE9BA /* Headers */ = {
			isa = PBXHeadersBuildPhase;
			buildActionMask = 2147483647;
			files = (
				685FDE572386BB5D004E357E /* Rtc555Sdk.swift in Headers */,
				68FD3B802410CAC800EBF598 /* Rtc555Config.swift in Headers */,
				68FD3B812410CACA00EBF598 /* Rtc555Voice.swift in Headers */,
				68B21A702397E70100226364 /* RtcNativeModule.h in Headers */,
			);
			runOnlyForDeploymentPostprocessing = 0;
		};
/* End PBXHeadersBuildPhase section */

/* Begin PBXNativeTarget section */
		68E80C1B237C1F29000BE9BA /* Rtc555Sdk */ = {
			isa = PBXNativeTarget;
			buildConfigurationList = 68E80C30237C1F29000BE9BA /* Build configuration list for PBXNativeTarget "Rtc555Sdk" */;
			buildPhases = (
				68E80C17237C1F29000BE9BA /* Headers */,
				68E80C18237C1F29000BE9BA /* Sources */,
				68E80C19237C1F29000BE9BA /* Frameworks */,
				68E80C1A237C1F29000BE9BA /* Resources */,
				68992326237C305600F3AA98 /* Embed Frameworks */,
			);
			buildRules = (
			);
			dependencies = (
			);
			name = Rtc555Sdk;
			productName = RtcReactSdk;
			productReference = 68E80C1C237C1F29000BE9BA /* Rtc555Sdk.framework */;
			productType = "com.apple.product-type.framework";
		};
		68E80C24237C1F29000BE9BA /* Rtc555SdkTests */ = {
			isa = PBXNativeTarget;
			buildConfigurationList = 68E80C33237C1F29000BE9BA /* Build configuration list for PBXNativeTarget "Rtc555SdkTests" */;
			buildPhases = (
				DBF3A548F77859546556BDBB /* [CP] Check Pods Manifest.lock */,
				68E80C21237C1F29000BE9BA /* Sources */,
				68E80C22237C1F29000BE9BA /* Frameworks */,
				68E80C23237C1F29000BE9BA /* Resources */,
				8B733196CB5A50FE0781C1B9 /* [CP] Embed Pods Frameworks */,
			);
			buildRules = (
			);
			dependencies = (
				68E80C28237C1F29000BE9BA /* PBXTargetDependency */,
			);
			name = Rtc555SdkTests;
			productName = RtcReactSdkTests;
			productReference = 68E80C25237C1F29000BE9BA /* Rtc555SdkTests.xctest */;
			productType = "com.apple.product-type.bundle.unit-test";
		};
/* End PBXNativeTarget section */

/* Begin PBXProject section */
		68E80C13237C1F29000BE9BA /* Project object */ = {
			isa = PBXProject;
			attributes = {
				LastSwiftUpdateCheck = 1110;
				LastUpgradeCheck = 1110;
				ORGANIZATIONNAME = Admin;
				TargetAttributes = {
					68992288237C28E100F3AA98 = {
						CreatedOnToolsVersion = 11.1;
					};
					68E80C1B237C1F29000BE9BA = {
						CreatedOnToolsVersion = 11.1;
						LastSwiftMigration = 1110;
					};
					68E80C24237C1F29000BE9BA = {
						CreatedOnToolsVersion = 11.1;
					};
				};
			};
			buildConfigurationList = 68E80C16237C1F29000BE9BA /* Build configuration list for PBXProject "Rtc555Sdk" */;
			compatibilityVersion = "Xcode 9.3";
			developmentRegion = en;
			hasScannedForEncodings = 0;
			knownRegions = (
				en,
				Base,
			);
			mainGroup = 68E80C12237C1F29000BE9BA;
			productRefGroup = 68E80C1D237C1F29000BE9BA /* Products */;
			projectDirPath = "";
			projectRoot = "";
			targets = (
				68E80C1B237C1F29000BE9BA /* Rtc555Sdk */,
				68E80C24237C1F29000BE9BA /* Rtc555SdkTests */,
				68992288237C28E100F3AA98 /* Rtc555SdkUniversal */,
			);
		};
/* End PBXProject section */

/* Begin PBXResourcesBuildPhase section */
		68E80C1A237C1F29000BE9BA /* Resources */ = {
			isa = PBXResourcesBuildPhase;
			buildActionMask = 2147483647;
			files = (
				68C1EB7023D1A974009F2EC9 /* main.jsbundle in Resources */,
			);
			runOnlyForDeploymentPostprocessing = 0;
		};
		68E80C23237C1F29000BE9BA /* Resources */ = {
			isa = PBXResourcesBuildPhase;
			buildActionMask = 2147483647;
			files = (
			);
			runOnlyForDeploymentPostprocessing = 0;
		};
/* End PBXResourcesBuildPhase section */

/* Begin PBXShellScriptBuildPhase section */
		6899228C237C28E600F3AA98 /* ShellScript */ = {
			isa = PBXShellScriptBuildPhase;
			buildActionMask = 2147483647;
			files = (
			);
			inputFileListPaths = (
			);
			inputPaths = (
			);
			outputFileListPaths = (
			);
			outputPaths = (
			);
			runOnlyForDeploymentPostprocessing = 0;
			shellPath = /bin/sh;
			shellScript = "# Type a script or drag a script file from your workspace to insert its path.\n#!/bin/sh\n\nUNIVERSAL_OUTPUTFOLDER=${BUILD_DIR}/${CONFIGURATION}-universal\n\n# make sure the output directory exists\nmkdir -p \"${UNIVERSAL_OUTPUTFOLDER}\"\n\n# Step 1. Build Device and Simulator versions\nxcodebuild -target \"${PROJECT_NAME}\" ONLY_ACTIVE_ARCH=NO -configuration ${CONFIGURATION} -sdk iphoneos  BUILD_DIR=\"${BUILD_DIR}\" BUILD_ROOT=\"${BUILD_ROOT}\" clean build\nxcodebuild -target \"${PROJECT_NAME}\" -configuration ${CONFIGURATION} -sdk iphonesimulator ONLY_ACTIVE_ARCH=NO BUILD_DIR=\"${BUILD_DIR}\" BUILD_ROOT=\"${BUILD_ROOT}\" clean build\n\n# Step 2. Copy the framework structure (from iphoneos build) to the universal folder\ncp -R \"${BUILD_DIR}/${CONFIGURATION}-iphoneos/${PROJECT_NAME}.framework\" \"${UNIVERSAL_OUTPUTFOLDER}/\"\n\n# Step 3. Copy Swift modules from iphonesimulator build (if it exists) to the copied framework directory\nSIMULATOR_SWIFT_MODULES_DIR=\"${BUILD_DIR}/${CONFIGURATION}-iphonesimulator/${PROJECT_NAME}.framework/Modules/${PROJECT_NAME}.swiftmodule/.\"\nif [ -d \"${SIMULATOR_SWIFT_MODULES_DIR}\" ]; then\ncp -R \"${SIMULATOR_SWIFT_MODULES_DIR}\" \"${UNIVERSAL_OUTPUTFOLDER}/${PROJECT_NAME}.framework/Modules/${PROJECT_NAME}.swiftmodule\"\nfi\n\n# Step 4. Create universal binary file using lipo and place the combined executable in the copied framework directory\nlipo -create -output \"${UNIVERSAL_OUTPUTFOLDER}/${PROJECT_NAME}.framework/${PROJECT_NAME}\" \"${BUILD_DIR}/${CONFIGURATION}-iphonesimulator/${PROJECT_NAME}.framework/${PROJECT_NAME}\" \"${BUILD_DIR}/${CONFIGURATION}-iphoneos/${PROJECT_NAME}.framework/${PROJECT_NAME}\"\n\n# Step 5. Convenience step to copy the framework to the project's directory\ncp -R \"${UNIVERSAL_OUTPUTFOLDER}/${PROJECT_NAME}.framework\" \"${PROJECT_DIR}\"\n\n# Step 6. Convenience step to open the project's directory in Finder\nopen \"${PROJECT_DIR}\"\n";
		};
		8B733196CB5A50FE0781C1B9 /* [CP] Embed Pods Frameworks */ = {
			isa = PBXShellScriptBuildPhase;
			buildActionMask = 2147483647;
			files = (
			);
			inputFileListPaths = (
				"${PODS_ROOT}/Target Support Files/Pods-RtcReactSdk-RtcReactSdkTests/Pods-RtcReactSdk-RtcReactSdkTests-frameworks-${CONFIGURATION}-input-files.xcfilelist",
			);
			name = "[CP] Embed Pods Frameworks";
			outputFileListPaths = (
				"${PODS_ROOT}/Target Support Files/Pods-RtcReactSdk-RtcReactSdkTests/Pods-RtcReactSdk-RtcReactSdkTests-frameworks-${CONFIGURATION}-output-files.xcfilelist",
			);
			runOnlyForDeploymentPostprocessing = 0;
			shellPath = /bin/sh;
			shellScript = "\"${PODS_ROOT}/Target Support Files/Pods-RtcReactSdk-RtcReactSdkTests/Pods-RtcReactSdk-RtcReactSdkTests-frameworks.sh\"\n";
			showEnvVarsInLog = 0;
		};
		DBF3A548F77859546556BDBB /* [CP] Check Pods Manifest.lock */ = {
			isa = PBXShellScriptBuildPhase;
			buildActionMask = 2147483647;
			files = (
			);
			inputFileListPaths = (
			);
			inputPaths = (
				"${PODS_PODFILE_DIR_PATH}/Podfile.lock",
				"${PODS_ROOT}/Manifest.lock",
			);
			name = "[CP] Check Pods Manifest.lock";
			outputFileListPaths = (
			);
			outputPaths = (
				"$(DERIVED_FILE_DIR)/Pods-RtcReactSdk-RtcReactSdkTests-checkManifestLockResult.txt",
			);
			runOnlyForDeploymentPostprocessing = 0;
			shellPath = /bin/sh;
			shellScript = "diff \"${PODS_PODFILE_DIR_PATH}/Podfile.lock\" \"${PODS_ROOT}/Manifest.lock\" > /dev/null\nif [ $? != 0 ] ; then\n    # print error to STDERR\n    echo \"error: The sandbox is not in sync with the Podfile.lock. Run 'pod install' or update your CocoaPods installation.\" >&2\n    exit 1\nfi\n# This output is used by Xcode 'outputs' to avoid re-running this script phase.\necho \"SUCCESS\" > \"${SCRIPT_OUTPUT_FILE_0}\"\n";
			showEnvVarsInLog = 0;
		};
/* End PBXShellScriptBuildPhase section */

/* Begin PBXSourcesBuildPhase section */
		68E80C18237C1F29000BE9BA /* Sources */ = {
			isa = PBXSourcesBuildPhase;
			buildActionMask = 2147483647;
			files = (
				68E74E0A239546F700FD54CF /* RtcReactBridge.swift in Sources */,
				68B21A712397E70100226364 /* RtcNativeBridge.swift in Sources */,
				68FD3B7B2410B7B300EBF598 /* Rtc555Voice.swift in Sources */,
				68B21A722397E70100226364 /* RtcNativeModule.m in Sources */,
				68E80C37237C1F50000BE9BA /* Rtc555Sdk.swift in Sources */,
				68FD3B792410B73800EBF598 /* Rtc555Config.swift in Sources */,
			);
			runOnlyForDeploymentPostprocessing = 0;
		};
		68E80C21237C1F29000BE9BA /* Sources */ = {
			isa = PBXSourcesBuildPhase;
			buildActionMask = 2147483647;
			files = (
				68E80C2B237C1F29000BE9BA /* RtcReactSdkTests.swift in Sources */,
			);
			runOnlyForDeploymentPostprocessing = 0;
		};
/* End PBXSourcesBuildPhase section */

/* Begin PBXTargetDependency section */
		68E80C28237C1F29000BE9BA /* PBXTargetDependency */ = {
			isa = PBXTargetDependency;
			target = 68E80C1B237C1F29000BE9BA /* Rtc555Sdk */;
			targetProxy = 68E80C27237C1F29000BE9BA /* PBXContainerItemProxy */;
		};
/* End PBXTargetDependency section */

/* Begin XCBuildConfiguration section */
		6899228A237C28E100F3AA98 /* Debug */ = {
			isa = XCBuildConfiguration;
			buildSettings = {
				CODE_SIGN_STYLE = Automatic;
				DEVELOPMENT_TEAM = LPP27B939A;
				PRODUCT_NAME = "$(TARGET_NAME)";
			};
			name = Debug;
		};
		6899228B237C28E100F3AA98 /* Release */ = {
			isa = XCBuildConfiguration;
			buildSettings = {
				CODE_SIGN_STYLE = Automatic;
				DEVELOPMENT_TEAM = LPP27B939A;
				PRODUCT_NAME = "$(TARGET_NAME)";
			};
			name = Release;
		};
		68E80C2E237C1F29000BE9BA /* Debug */ = {
			isa = XCBuildConfiguration;
			buildSettings = {
				ALWAYS_SEARCH_USER_PATHS = NO;
				CLANG_ANALYZER_NONNULL = YES;
				CLANG_ANALYZER_NUMBER_OBJECT_CONVERSION = YES_AGGRESSIVE;
				CLANG_CXX_LANGUAGE_STANDARD = "gnu++14";
				CLANG_CXX_LIBRARY = "libc++";
				CLANG_ENABLE_MODULES = YES;
				CLANG_ENABLE_OBJC_ARC = YES;
				CLANG_ENABLE_OBJC_WEAK = YES;
				CLANG_WARN_BLOCK_CAPTURE_AUTORELEASING = YES;
				CLANG_WARN_BOOL_CONVERSION = YES;
				CLANG_WARN_COMMA = YES;
				CLANG_WARN_CONSTANT_CONVERSION = YES;
				CLANG_WARN_DEPRECATED_OBJC_IMPLEMENTATIONS = YES;
				CLANG_WARN_DIRECT_OBJC_ISA_USAGE = YES_ERROR;
				CLANG_WARN_DOCUMENTATION_COMMENTS = YES;
				CLANG_WARN_EMPTY_BODY = YES;
				CLANG_WARN_ENUM_CONVERSION = YES;
				CLANG_WARN_INFINITE_RECURSION = YES;
				CLANG_WARN_INT_CONVERSION = YES;
				CLANG_WARN_NON_LITERAL_NULL_CONVERSION = YES;
				CLANG_WARN_OBJC_IMPLICIT_RETAIN_SELF = YES;
				CLANG_WARN_OBJC_LITERAL_CONVERSION = YES;
				CLANG_WARN_OBJC_ROOT_CLASS = YES_ERROR;
				CLANG_WARN_RANGE_LOOP_ANALYSIS = YES;
				CLANG_WARN_STRICT_PROTOTYPES = YES;
				CLANG_WARN_SUSPICIOUS_MOVE = YES;
				CLANG_WARN_UNGUARDED_AVAILABILITY = YES_AGGRESSIVE;
				CLANG_WARN_UNREACHABLE_CODE = YES;
				CLANG_WARN__DUPLICATE_METHOD_MATCH = YES;
				COPY_PHASE_STRIP = NO;
				CURRENT_PROJECT_VERSION = 1;
				DEBUG_INFORMATION_FORMAT = dwarf;
				ENABLE_BITCODE = NO;
				ENABLE_STRICT_OBJC_MSGSEND = YES;
				ENABLE_TESTABILITY = YES;
				GCC_C_LANGUAGE_STANDARD = gnu11;
				GCC_DYNAMIC_NO_PIC = NO;
				GCC_NO_COMMON_BLOCKS = YES;
				GCC_OPTIMIZATION_LEVEL = 0;
				GCC_PREPROCESSOR_DEFINITIONS = (
					"DEBUG=1",
					"$(inherited)",
				);
				GCC_WARN_64_TO_32_BIT_CONVERSION = YES;
				GCC_WARN_ABOUT_RETURN_TYPE = YES_ERROR;
				GCC_WARN_UNDECLARED_SELECTOR = YES;
				GCC_WARN_UNINITIALIZED_AUTOS = YES_AGGRESSIVE;
				GCC_WARN_UNUSED_FUNCTION = YES;
				GCC_WARN_UNUSED_VARIABLE = YES;
				IPHONEOS_DEPLOYMENT_TARGET = 13.1;
				MTL_ENABLE_DEBUG_INFO = INCLUDE_SOURCE;
				MTL_FAST_MATH = YES;
				ONLY_ACTIVE_ARCH = YES;
				SDKROOT = iphoneos;
				SWIFT_ACTIVE_COMPILATION_CONDITIONS = DEBUG;
				SWIFT_OPTIMIZATION_LEVEL = "-Onone";
				VERSIONING_SYSTEM = "apple-generic";
				VERSION_INFO_PREFIX = "";
			};
			name = Debug;
		};
		68E80C2F237C1F29000BE9BA /* Release */ = {
			isa = XCBuildConfiguration;
			buildSettings = {
				ALWAYS_SEARCH_USER_PATHS = NO;
				CLANG_ANALYZER_NONNULL = YES;
				CLANG_ANALYZER_NUMBER_OBJECT_CONVERSION = YES_AGGRESSIVE;
				CLANG_CXX_LANGUAGE_STANDARD = "gnu++14";
				CLANG_CXX_LIBRARY = "libc++";
				CLANG_ENABLE_MODULES = YES;
				CLANG_ENABLE_OBJC_ARC = YES;
				CLANG_ENABLE_OBJC_WEAK = YES;
				CLANG_WARN_BLOCK_CAPTURE_AUTORELEASING = YES;
				CLANG_WARN_BOOL_CONVERSION = YES;
				CLANG_WARN_COMMA = YES;
				CLANG_WARN_CONSTANT_CONVERSION = YES;
				CLANG_WARN_DEPRECATED_OBJC_IMPLEMENTATIONS = YES;
				CLANG_WARN_DIRECT_OBJC_ISA_USAGE = YES_ERROR;
				CLANG_WARN_DOCUMENTATION_COMMENTS = YES;
				CLANG_WARN_EMPTY_BODY = YES;
				CLANG_WARN_ENUM_CONVERSION = YES;
				CLANG_WARN_INFINITE_RECURSION = YES;
				CLANG_WARN_INT_CONVERSION = YES;
				CLANG_WARN_NON_LITERAL_NULL_CONVERSION = YES;
				CLANG_WARN_OBJC_IMPLICIT_RETAIN_SELF = YES;
				CLANG_WARN_OBJC_LITERAL_CONVERSION = YES;
				CLANG_WARN_OBJC_ROOT_CLASS = YES_ERROR;
				CLANG_WARN_RANGE_LOOP_ANALYSIS = YES;
				CLANG_WARN_STRICT_PROTOTYPES = YES;
				CLANG_WARN_SUSPICIOUS_MOVE = YES;
				CLANG_WARN_UNGUARDED_AVAILABILITY = YES_AGGRESSIVE;
				CLANG_WARN_UNREACHABLE_CODE = YES;
				CLANG_WARN__DUPLICATE_METHOD_MATCH = YES;
				COPY_PHASE_STRIP = NO;
				CURRENT_PROJECT_VERSION = 1;
				DEBUG_INFORMATION_FORMAT = "dwarf-with-dsym";
				ENABLE_BITCODE = NO;
				ENABLE_NS_ASSERTIONS = NO;
				ENABLE_STRICT_OBJC_MSGSEND = YES;
				GCC_C_LANGUAGE_STANDARD = gnu11;
				GCC_NO_COMMON_BLOCKS = YES;
				GCC_WARN_64_TO_32_BIT_CONVERSION = YES;
				GCC_WARN_ABOUT_RETURN_TYPE = YES_ERROR;
				GCC_WARN_UNDECLARED_SELECTOR = YES;
				GCC_WARN_UNINITIALIZED_AUTOS = YES_AGGRESSIVE;
				GCC_WARN_UNUSED_FUNCTION = YES;
				GCC_WARN_UNUSED_VARIABLE = YES;
				IPHONEOS_DEPLOYMENT_TARGET = 13.1;
				MTL_ENABLE_DEBUG_INFO = NO;
				MTL_FAST_MATH = YES;
				SDKROOT = iphoneos;
				SWIFT_COMPILATION_MODE = wholemodule;
				SWIFT_OPTIMIZATION_LEVEL = "-O";
				VALIDATE_PRODUCT = YES;
				VERSIONING_SYSTEM = "apple-generic";
				VERSION_INFO_PREFIX = "";
			};
			name = Release;
		};
		68E80C31237C1F29000BE9BA /* Debug */ = {
			isa = XCBuildConfiguration;
			buildSettings = {
				CLANG_ENABLE_MODULES = YES;
				CODE_SIGN_STYLE = Automatic;
				DEFINES_MODULE = YES;
				DEVELOPMENT_TEAM = LPP27B939A;
				DYLIB_COMPATIBILITY_VERSION = 1;
				DYLIB_CURRENT_VERSION = 1;
				DYLIB_INSTALL_NAME_BASE = "@rpath";
				ENABLE_BITCODE = NO;
				FRAMEWORK_SEARCH_PATHS = (
					"$(inherited)",
					"$(PROJECT_DIR)",
					"$(PROJECT_DIR)/Framework",
					"$(PROJECT_DIR)/Dependencies",
				);
				INFOPLIST_FILE = Rtc555Sdk/Info.plist;
				INSTALL_PATH = "$(LOCAL_LIBRARY_DIR)/Frameworks";
				IPHONEOS_DEPLOYMENT_TARGET = 10.0;
				LD_RUNPATH_SEARCH_PATHS = (
					"$(inherited)",
					"@executable_path/Frameworks",
					"@loader_path/Frameworks",
				);
				PRODUCT_BUNDLE_IDENTIFIER = com.comcast.Rtc555Sdk;
				PRODUCT_NAME = "$(TARGET_NAME:c99extidentifier)";
				SKIP_INSTALL = YES;
				SWIFT_OBJC_BRIDGING_HEADER = "";
				SWIFT_OPTIMIZATION_LEVEL = "-Onone";
				SWIFT_VERSION = 5.0;
				TARGETED_DEVICE_FAMILY = "1,2";
			};
			name = Debug;
		};
		68E80C32237C1F29000BE9BA /* Release */ = {
			isa = XCBuildConfiguration;
			buildSettings = {
				CLANG_ENABLE_MODULES = YES;
				CODE_SIGN_STYLE = Automatic;
				DEFINES_MODULE = YES;
				DEVELOPMENT_TEAM = LPP27B939A;
				DYLIB_COMPATIBILITY_VERSION = 1;
				DYLIB_CURRENT_VERSION = 1;
				DYLIB_INSTALL_NAME_BASE = "@rpath";
				ENABLE_BITCODE = NO;
				FRAMEWORK_SEARCH_PATHS = (
					"$(inherited)",
					"$(PROJECT_DIR)",
					"$(PROJECT_DIR)/Framework",
					"$(PROJECT_DIR)/Dependencies",
				);
				INFOPLIST_FILE = Rtc555Sdk/Info.plist;
				INSTALL_PATH = "$(LOCAL_LIBRARY_DIR)/Frameworks";
				IPHONEOS_DEPLOYMENT_TARGET = 10.0;
				LD_RUNPATH_SEARCH_PATHS = (
					"$(inherited)",
					"@executable_path/Frameworks",
					"@loader_path/Frameworks",
				);
				PRODUCT_BUNDLE_IDENTIFIER = com.comcast.Rtc555Sdk;
				PRODUCT_NAME = "$(TARGET_NAME:c99extidentifier)";
				SKIP_INSTALL = YES;
				SWIFT_OBJC_BRIDGING_HEADER = "";
				SWIFT_VERSION = 5.0;
				TARGETED_DEVICE_FAMILY = "1,2";
			};
			name = Release;
		};
		68E80C34237C1F29000BE9BA /* Debug */ = {
			isa = XCBuildConfiguration;
			buildSettings = {
				ALWAYS_EMBED_SWIFT_STANDARD_LIBRARIES = YES;
				CODE_SIGN_STYLE = Automatic;
				DEVELOPMENT_TEAM = LPP27B939A;
				INFOPLIST_FILE = RtcReactSdkTests/Info.plist;
				LD_RUNPATH_SEARCH_PATHS = (
					"$(inherited)",
					"@executable_path/Frameworks",
					"@loader_path/Frameworks",
				);
				PRODUCT_BUNDLE_IDENTIFIER = com.comcast.RtcReactSdkTests;
				PRODUCT_NAME = "$(TARGET_NAME)";
				SWIFT_VERSION = 5.0;
				TARGETED_DEVICE_FAMILY = "1,2";
			};
			name = Debug;
		};
		68E80C35237C1F29000BE9BA /* Release */ = {
			isa = XCBuildConfiguration;
			buildSettings = {
				ALWAYS_EMBED_SWIFT_STANDARD_LIBRARIES = YES;
				CODE_SIGN_STYLE = Automatic;
				DEVELOPMENT_TEAM = LPP27B939A;
				INFOPLIST_FILE = RtcReactSdkTests/Info.plist;
				LD_RUNPATH_SEARCH_PATHS = (
					"$(inherited)",
					"@executable_path/Frameworks",
					"@loader_path/Frameworks",
				);
				PRODUCT_BUNDLE_IDENTIFIER = com.comcast.RtcReactSdkTests;
				PRODUCT_NAME = "$(TARGET_NAME)";
				SWIFT_VERSION = 5.0;
				TARGETED_DEVICE_FAMILY = "1,2";
			};
			name = Release;
		};
/* End XCBuildConfiguration section */

/* Begin XCConfigurationList section */
		68992289237C28E100F3AA98 /* Build configuration list for PBXAggregateTarget "Rtc555SdkUniversal" */ = {
			isa = XCConfigurationList;
			buildConfigurations = (
				6899228A237C28E100F3AA98 /* Debug */,
				6899228B237C28E100F3AA98 /* Release */,
			);
			defaultConfigurationIsVisible = 0;
			defaultConfigurationName = Release;
		};
		68E80C16237C1F29000BE9BA /* Build configuration list for PBXProject "Rtc555Sdk" */ = {
			isa = XCConfigurationList;
			buildConfigurations = (
				68E80C2E237C1F29000BE9BA /* Debug */,
				68E80C2F237C1F29000BE9BA /* Release */,
			);
			defaultConfigurationIsVisible = 0;
			defaultConfigurationName = Release;
		};
		68E80C30237C1F29000BE9BA /* Build configuration list for PBXNativeTarget "Rtc555Sdk" */ = {
			isa = XCConfigurationList;
			buildConfigurations = (
				68E80C31237C1F29000BE9BA /* Debug */,
				68E80C32237C1F29000BE9BA /* Release */,
			);
			defaultConfigurationIsVisible = 0;
			defaultConfigurationName = Release;
		};
		68E80C33237C1F29000BE9BA /* Build configuration list for PBXNativeTarget "Rtc555SdkTests" */ = {
			isa = XCConfigurationList;
			buildConfigurations = (
				68E80C34237C1F29000BE9BA /* Debug */,
				68E80C35237C1F29000BE9BA /* Release */,
			);
			defaultConfigurationIsVisible = 0;
			defaultConfigurationName = Release;
		};
/* End XCConfigurationList section */
	};
	rootObject = 68E80C13237C1F29000BE9BA /* Project object */;
}
